// !$*UTF8*$!
{
	archiveVersion = 1;
	classes = {
	};
	objectVersion = 50;
	objects = {

/* Begin PBXBuildFile section */
		58696F32272B1CCF00B18788 /* AppDelegate.swift in Sources */ = {isa = PBXBuildFile; fileRef = 58696F31272B1CCF00B18788 /* AppDelegate.swift */; };
		58696F34272B1CCF00B18788 /* SceneDelegate.swift in Sources */ = {isa = PBXBuildFile; fileRef = 58696F33272B1CCF00B18788 /* SceneDelegate.swift */; };
		58696F36272B1CCF00B18788 /* DogBreedListViewController.swift in Sources */ = {isa = PBXBuildFile; fileRef = 58696F35272B1CCF00B18788 /* DogBreedListViewController.swift */; };
		58696F3B272B1CD200B18788 /* Assets.xcassets in Resources */ = {isa = PBXBuildFile; fileRef = 58696F3A272B1CD200B18788 /* Assets.xcassets */; };
		58696F3E272B1CD200B18788 /* LaunchScreen.storyboard in Resources */ = {isa = PBXBuildFile; fileRef = 58696F3C272B1CD200B18788 /* LaunchScreen.storyboard */; };
		58696F49272B1CD200B18788 /* DogedexTests.swift in Sources */ = {isa = PBXBuildFile; fileRef = 58696F48272B1CD200B18788 /* DogedexTests.swift */; };
		58696F54272B1CD300B18788 /* DogedexUITests.swift in Sources */ = {isa = PBXBuildFile; fileRef = 58696F53272B1CD300B18788 /* DogedexUITests.swift */; };
		58696F68272B25BC00B18788 /* ViewCode.swift in Sources */ = {isa = PBXBuildFile; fileRef = 58696F67272B25BC00B18788 /* ViewCode.swift */; };
		58696F6B272B2AE300B18788 /* DogBreedListViewModel.swift in Sources */ = {isa = PBXBuildFile; fileRef = 58696F6A272B2AE300B18788 /* DogBreedListViewModel.swift */; };
		58696F6E272B324100B18788 /* APIRequest.swift in Sources */ = {isa = PBXBuildFile; fileRef = 58696F6D272B324100B18788 /* APIRequest.swift */; };
		58696F71272B34B300B18788 /* BreedResponse.swift in Sources */ = {isa = PBXBuildFile; fileRef = 58696F70272B34B300B18788 /* BreedResponse.swift */; };
		58696F75272B47A800B18788 /* DogBreedCell.swift in Sources */ = {isa = PBXBuildFile; fileRef = 58696F74272B47A800B18788 /* DogBreedCell.swift */; };
		58696F78272B488600B18788 /* ReusableView.swift in Sources */ = {isa = PBXBuildFile; fileRef = 58696F77272B488600B18788 /* ReusableView.swift */; };
		58696F7B272B4F4900B18788 /* ConstraintHelpers+UIView.swift in Sources */ = {isa = PBXBuildFile; fileRef = 58696F7A272B4F4900B18788 /* ConstraintHelpers+UIView.swift */; };
		58696F88272B534C00B18788 /* Open Sans Italic.ttf in Resources */ = {isa = PBXBuildFile; fileRef = 58696F7E272B533D00B18788 /* Open Sans Italic.ttf */; };
		58696F89272B534C00B18788 /* Open Sans Light.ttf in Resources */ = {isa = PBXBuildFile; fileRef = 58696F83272B533D00B18788 /* Open Sans Light.ttf */; };
		58696F8A272B534D00B18788 /* Open Sans Extrabold.ttf in Resources */ = {isa = PBXBuildFile; fileRef = 58696F84272B533D00B18788 /* Open Sans Extrabold.ttf */; };
		58696F8B272B534D00B18788 /* Open Sans Bold Italic.ttf in Resources */ = {isa = PBXBuildFile; fileRef = 58696F86272B533E00B18788 /* Open Sans Bold Italic.ttf */; };
		58696F8C272B534D00B18788 /* Open Sans Light Italic.ttf in Resources */ = {isa = PBXBuildFile; fileRef = 58696F82272B533D00B18788 /* Open Sans Light Italic.ttf */; };
		58696F8D272B534D00B18788 /* Open Sans Semibold Italic.ttf in Resources */ = {isa = PBXBuildFile; fileRef = 58696F87272B533E00B18788 /* Open Sans Semibold Italic.ttf */; };
		58696F8E272B534D00B18788 /* Open Sans Semibold.ttf in Resources */ = {isa = PBXBuildFile; fileRef = 58696F80272B533D00B18788 /* Open Sans Semibold.ttf */; };
		58696F8F272B534D00B18788 /* Open Sans Bold.ttf in Resources */ = {isa = PBXBuildFile; fileRef = 58696F85272B533D00B18788 /* Open Sans Bold.ttf */; };
		58696F90272B534D00B18788 /* Open Sans Extrabold Italic.ttf in Resources */ = {isa = PBXBuildFile; fileRef = 58696F81272B533D00B18788 /* Open Sans Extrabold Italic.ttf */; };
		58696F91272B534D00B18788 /* Open Sans.ttf in Resources */ = {isa = PBXBuildFile; fileRef = 58696F7F272B533D00B18788 /* Open Sans.ttf */; };
		58696F93272B540300B18788 /* OpenSans+UIFont.swift in Sources */ = {isa = PBXBuildFile; fileRef = 58696F92272B540300B18788 /* OpenSans+UIFont.swift */; };
		58696F96272B5A6F00B18788 /* Coordinator.swift in Sources */ = {isa = PBXBuildFile; fileRef = 58696F95272B5A6F00B18788 /* Coordinator.swift */; };
		58696F98272B5A9600B18788 /* ApplicationCoordinator.swift in Sources */ = {isa = PBXBuildFile; fileRef = 58696F97272B5A9600B18788 /* ApplicationCoordinator.swift */; };
		58696F9B272B5D3800B18788 /* DogBreedListCoordinator.swift in Sources */ = {isa = PBXBuildFile; fileRef = 58696F9A272B5D3800B18788 /* DogBreedListCoordinator.swift */; };
		58696FA4272B669400B18788 /* DogsViewController.swift in Sources */ = {isa = PBXBuildFile; fileRef = 58696FA3272B669400B18788 /* DogsViewController.swift */; };
		58696FA8272B677200B18788 /* DogsCoordinator.swift in Sources */ = {isa = PBXBuildFile; fileRef = 58696FA7272B677200B18788 /* DogsCoordinator.swift */; };
		58696FAB272B6B7B00B18788 /* DogsViewModel.swift in Sources */ = {isa = PBXBuildFile; fileRef = 58696FAA272B6B7B00B18788 /* DogsViewModel.swift */; };
		58696FB0272B93E500B18788 /* DogeCell.swift in Sources */ = {isa = PBXBuildFile; fileRef = 58696FAF272B93E500B18788 /* DogeCell.swift */; };
		58696FB2272B9EE100B18788 /* DogePhotosResponse.swift in Sources */ = {isa = PBXBuildFile; fileRef = 58696FB1272B9EE100B18788 /* DogePhotosResponse.swift */; };
		58696FB6272B9FFC00B18788 /* Breed.swift in Sources */ = {isa = PBXBuildFile; fileRef = 58696FB5272B9FFC00B18788 /* Breed.swift */; };
		58696FB9272C868100B18788 /* TopAlert.swift in Sources */ = {isa = PBXBuildFile; fileRef = 58696FB8272C868100B18788 /* TopAlert.swift */; };
		7CD8897BC1C9F87059D08B1D /* libPods-Dogedex.a in Frameworks */ = {isa = PBXBuildFile; fileRef = CA4FE174A2B47E1721F2E335 /* libPods-Dogedex.a */; };
		A3E916544A01E16B54511F28 /* libPods-DogedexTests.a in Frameworks */ = {isa = PBXBuildFile; fileRef = 5B5220052E5DE5C080284B4D /* libPods-DogedexTests.a */; };
		C3182FE30AA1B3C4B54B0DEB /* libPods-Dogedex-DogedexUITests.a in Frameworks */ = {isa = PBXBuildFile; fileRef = EA57AB6221B3E5601C2E1DAC /* libPods-Dogedex-DogedexUITests.a */; };
/* End PBXBuildFile section */

/* Begin PBXContainerItemProxy section */
		58696F45272B1CD200B18788 /* PBXContainerItemProxy */ = {
			isa = PBXContainerItemProxy;
			containerPortal = 58696F26272B1CCF00B18788 /* Project object */;
			proxyType = 1;
			remoteGlobalIDString = 58696F2D272B1CCF00B18788;
			remoteInfo = Dogedex;
		};
		58696F50272B1CD300B18788 /* PBXContainerItemProxy */ = {
			isa = PBXContainerItemProxy;
			containerPortal = 58696F26272B1CCF00B18788 /* Project object */;
			proxyType = 1;
			remoteGlobalIDString = 58696F2D272B1CCF00B18788;
			remoteInfo = Dogedex;
		};
/* End PBXContainerItemProxy section */

/* Begin PBXFileReference section */
		0F3AC1D7AF6B3DC0BDE7F214 /* Pods-Dogedex-DogedexUITests.release.xcconfig */ = {isa = PBXFileReference; includeInIndex = 1; lastKnownFileType = text.xcconfig; name = "Pods-Dogedex-DogedexUITests.release.xcconfig"; path = "Target Support Files/Pods-Dogedex-DogedexUITests/Pods-Dogedex-DogedexUITests.release.xcconfig"; sourceTree = "<group>"; };
		10319B34AE12F6DDFE98BDA6 /* Pods-DogedexTests.release.xcconfig */ = {isa = PBXFileReference; includeInIndex = 1; lastKnownFileType = text.xcconfig; name = "Pods-DogedexTests.release.xcconfig"; path = "Target Support Files/Pods-DogedexTests/Pods-DogedexTests.release.xcconfig"; sourceTree = "<group>"; };
		4523A5A8F0F6E61286D7A32E /* Pods-Dogedex.release.xcconfig */ = {isa = PBXFileReference; includeInIndex = 1; lastKnownFileType = text.xcconfig; name = "Pods-Dogedex.release.xcconfig"; path = "Target Support Files/Pods-Dogedex/Pods-Dogedex.release.xcconfig"; sourceTree = "<group>"; };
		46D6AA2F03D8105C4939E113 /* Pods-Dogedex-DogedexUITests.debug.xcconfig */ = {isa = PBXFileReference; includeInIndex = 1; lastKnownFileType = text.xcconfig; name = "Pods-Dogedex-DogedexUITests.debug.xcconfig"; path = "Target Support Files/Pods-Dogedex-DogedexUITests/Pods-Dogedex-DogedexUITests.debug.xcconfig"; sourceTree = "<group>"; };
		58696F2E272B1CCF00B18788 /* Dogedex.app */ = {isa = PBXFileReference; explicitFileType = wrapper.application; includeInIndex = 0; path = Dogedex.app; sourceTree = BUILT_PRODUCTS_DIR; };
		58696F31272B1CCF00B18788 /* AppDelegate.swift */ = {isa = PBXFileReference; lastKnownFileType = sourcecode.swift; path = AppDelegate.swift; sourceTree = "<group>"; };
		58696F33272B1CCF00B18788 /* SceneDelegate.swift */ = {isa = PBXFileReference; lastKnownFileType = sourcecode.swift; path = SceneDelegate.swift; sourceTree = "<group>"; };
		58696F35272B1CCF00B18788 /* DogBreedListViewController.swift */ = {isa = PBXFileReference; lastKnownFileType = sourcecode.swift; path = DogBreedListViewController.swift; sourceTree = "<group>"; };
		58696F3A272B1CD200B18788 /* Assets.xcassets */ = {isa = PBXFileReference; lastKnownFileType = folder.assetcatalog; path = Assets.xcassets; sourceTree = "<group>"; };
		58696F3D272B1CD200B18788 /* Base */ = {isa = PBXFileReference; lastKnownFileType = file.storyboard; name = Base; path = Base.lproj/LaunchScreen.storyboard; sourceTree = "<group>"; };
		58696F3F272B1CD200B18788 /* Info.plist */ = {isa = PBXFileReference; lastKnownFileType = text.plist.xml; path = Info.plist; sourceTree = "<group>"; };
		58696F44272B1CD200B18788 /* DogedexTests.xctest */ = {isa = PBXFileReference; explicitFileType = wrapper.cfbundle; includeInIndex = 0; path = DogedexTests.xctest; sourceTree = BUILT_PRODUCTS_DIR; };
		58696F48272B1CD200B18788 /* DogedexTests.swift */ = {isa = PBXFileReference; lastKnownFileType = sourcecode.swift; path = DogedexTests.swift; sourceTree = "<group>"; };
		58696F4A272B1CD200B18788 /* Info.plist */ = {isa = PBXFileReference; lastKnownFileType = text.plist.xml; path = Info.plist; sourceTree = "<group>"; };
		58696F4F272B1CD300B18788 /* DogedexUITests.xctest */ = {isa = PBXFileReference; explicitFileType = wrapper.cfbundle; includeInIndex = 0; path = DogedexUITests.xctest; sourceTree = BUILT_PRODUCTS_DIR; };
		58696F53272B1CD300B18788 /* DogedexUITests.swift */ = {isa = PBXFileReference; lastKnownFileType = sourcecode.swift; path = DogedexUITests.swift; sourceTree = "<group>"; };
		58696F55272B1CD300B18788 /* Info.plist */ = {isa = PBXFileReference; lastKnownFileType = text.plist.xml; path = Info.plist; sourceTree = "<group>"; };
		58696F67272B25BC00B18788 /* ViewCode.swift */ = {isa = PBXFileReference; lastKnownFileType = sourcecode.swift; path = ViewCode.swift; sourceTree = "<group>"; };
		58696F6A272B2AE300B18788 /* DogBreedListViewModel.swift */ = {isa = PBXFileReference; lastKnownFileType = sourcecode.swift; path = DogBreedListViewModel.swift; sourceTree = "<group>"; };
		58696F6D272B324100B18788 /* APIRequest.swift */ = {isa = PBXFileReference; lastKnownFileType = sourcecode.swift; path = APIRequest.swift; sourceTree = "<group>"; };
		58696F70272B34B300B18788 /* BreedResponse.swift */ = {isa = PBXFileReference; lastKnownFileType = sourcecode.swift; path = BreedResponse.swift; sourceTree = "<group>"; };
		58696F74272B47A800B18788 /* DogBreedCell.swift */ = {isa = PBXFileReference; lastKnownFileType = sourcecode.swift; path = DogBreedCell.swift; sourceTree = "<group>"; };
		58696F77272B488600B18788 /* ReusableView.swift */ = {isa = PBXFileReference; lastKnownFileType = sourcecode.swift; path = ReusableView.swift; sourceTree = "<group>"; };
		58696F7A272B4F4900B18788 /* ConstraintHelpers+UIView.swift */ = {isa = PBXFileReference; lastKnownFileType = sourcecode.swift; path = "ConstraintHelpers+UIView.swift"; sourceTree = "<group>"; };
		58696F7E272B533D00B18788 /* Open Sans Italic.ttf */ = {isa = PBXFileReference; lastKnownFileType = file; path = "Open Sans Italic.ttf"; sourceTree = "<group>"; };
		58696F7F272B533D00B18788 /* Open Sans.ttf */ = {isa = PBXFileReference; lastKnownFileType = file; path = "Open Sans.ttf"; sourceTree = "<group>"; };
		58696F80272B533D00B18788 /* Open Sans Semibold.ttf */ = {isa = PBXFileReference; lastKnownFileType = file; path = "Open Sans Semibold.ttf"; sourceTree = "<group>"; };
		58696F81272B533D00B18788 /* Open Sans Extrabold Italic.ttf */ = {isa = PBXFileReference; lastKnownFileType = file; path = "Open Sans Extrabold Italic.ttf"; sourceTree = "<group>"; };
		58696F82272B533D00B18788 /* Open Sans Light Italic.ttf */ = {isa = PBXFileReference; lastKnownFileType = file; path = "Open Sans Light Italic.ttf"; sourceTree = "<group>"; };
		58696F83272B533D00B18788 /* Open Sans Light.ttf */ = {isa = PBXFileReference; lastKnownFileType = file; path = "Open Sans Light.ttf"; sourceTree = "<group>"; };
		58696F84272B533D00B18788 /* Open Sans Extrabold.ttf */ = {isa = PBXFileReference; lastKnownFileType = file; path = "Open Sans Extrabold.ttf"; sourceTree = "<group>"; };
		58696F85272B533D00B18788 /* Open Sans Bold.ttf */ = {isa = PBXFileReference; lastKnownFileType = file; path = "Open Sans Bold.ttf"; sourceTree = "<group>"; };
		58696F86272B533E00B18788 /* Open Sans Bold Italic.ttf */ = {isa = PBXFileReference; lastKnownFileType = file; path = "Open Sans Bold Italic.ttf"; sourceTree = "<group>"; };
		58696F87272B533E00B18788 /* Open Sans Semibold Italic.ttf */ = {isa = PBXFileReference; lastKnownFileType = file; path = "Open Sans Semibold Italic.ttf"; sourceTree = "<group>"; };
		58696F92272B540300B18788 /* OpenSans+UIFont.swift */ = {isa = PBXFileReference; lastKnownFileType = sourcecode.swift; path = "OpenSans+UIFont.swift"; sourceTree = "<group>"; };
		58696F95272B5A6F00B18788 /* Coordinator.swift */ = {isa = PBXFileReference; lastKnownFileType = sourcecode.swift; path = Coordinator.swift; sourceTree = "<group>"; };
		58696F97272B5A9600B18788 /* ApplicationCoordinator.swift */ = {isa = PBXFileReference; lastKnownFileType = sourcecode.swift; path = ApplicationCoordinator.swift; sourceTree = "<group>"; };
		58696F9A272B5D3800B18788 /* DogBreedListCoordinator.swift */ = {isa = PBXFileReference; lastKnownFileType = sourcecode.swift; path = DogBreedListCoordinator.swift; sourceTree = "<group>"; };
		58696FA3272B669400B18788 /* DogsViewController.swift */ = {isa = PBXFileReference; lastKnownFileType = sourcecode.swift; path = DogsViewController.swift; sourceTree = "<group>"; };
		58696FA7272B677200B18788 /* DogsCoordinator.swift */ = {isa = PBXFileReference; lastKnownFileType = sourcecode.swift; path = DogsCoordinator.swift; sourceTree = "<group>"; };
		58696FAA272B6B7B00B18788 /* DogsViewModel.swift */ = {isa = PBXFileReference; lastKnownFileType = sourcecode.swift; path = DogsViewModel.swift; sourceTree = "<group>"; };
		58696FAF272B93E500B18788 /* DogeCell.swift */ = {isa = PBXFileReference; lastKnownFileType = sourcecode.swift; path = DogeCell.swift; sourceTree = "<group>"; };
		58696FB1272B9EE100B18788 /* DogePhotosResponse.swift */ = {isa = PBXFileReference; lastKnownFileType = sourcecode.swift; path = DogePhotosResponse.swift; sourceTree = "<group>"; };
		58696FB5272B9FFC00B18788 /* Breed.swift */ = {isa = PBXFileReference; lastKnownFileType = sourcecode.swift; path = Breed.swift; sourceTree = "<group>"; };
		58696FB8272C868100B18788 /* TopAlert.swift */ = {isa = PBXFileReference; lastKnownFileType = sourcecode.swift; path = TopAlert.swift; sourceTree = "<group>"; };
		5B5220052E5DE5C080284B4D /* libPods-DogedexTests.a */ = {isa = PBXFileReference; explicitFileType = archive.ar; includeInIndex = 0; path = "libPods-DogedexTests.a"; sourceTree = BUILT_PRODUCTS_DIR; };
		68A721CCF9CC70B0F2078694 /* Pods-Dogedex.debug.xcconfig */ = {isa = PBXFileReference; includeInIndex = 1; lastKnownFileType = text.xcconfig; name = "Pods-Dogedex.debug.xcconfig"; path = "Target Support Files/Pods-Dogedex/Pods-Dogedex.debug.xcconfig"; sourceTree = "<group>"; };
		B80EA423FD8B50DDBA9BCDF5 /* Pods-DogedexTests.debug.xcconfig */ = {isa = PBXFileReference; includeInIndex = 1; lastKnownFileType = text.xcconfig; name = "Pods-DogedexTests.debug.xcconfig"; path = "Target Support Files/Pods-DogedexTests/Pods-DogedexTests.debug.xcconfig"; sourceTree = "<group>"; };
		CA4FE174A2B47E1721F2E335 /* libPods-Dogedex.a */ = {isa = PBXFileReference; explicitFileType = archive.ar; includeInIndex = 0; path = "libPods-Dogedex.a"; sourceTree = BUILT_PRODUCTS_DIR; };
		EA57AB6221B3E5601C2E1DAC /* libPods-Dogedex-DogedexUITests.a */ = {isa = PBXFileReference; explicitFileType = archive.ar; includeInIndex = 0; path = "libPods-Dogedex-DogedexUITests.a"; sourceTree = BUILT_PRODUCTS_DIR; };
/* End PBXFileReference section */

/* Begin PBXFrameworksBuildPhase section */
		58696F2B272B1CCF00B18788 /* Frameworks */ = {
			isa = PBXFrameworksBuildPhase;
			buildActionMask = 2147483647;
			files = (
				7CD8897BC1C9F87059D08B1D /* libPods-Dogedex.a in Frameworks */,
			);
			runOnlyForDeploymentPostprocessing = 0;
		};
		58696F41272B1CD200B18788 /* Frameworks */ = {
			isa = PBXFrameworksBuildPhase;
			buildActionMask = 2147483647;
			files = (
				A3E916544A01E16B54511F28 /* libPods-DogedexTests.a in Frameworks */,
			);
			runOnlyForDeploymentPostprocessing = 0;
		};
		58696F4C272B1CD300B18788 /* Frameworks */ = {
			isa = PBXFrameworksBuildPhase;
			buildActionMask = 2147483647;
			files = (
				C3182FE30AA1B3C4B54B0DEB /* libPods-Dogedex-DogedexUITests.a in Frameworks */,
			);
			runOnlyForDeploymentPostprocessing = 0;
		};
/* End PBXFrameworksBuildPhase section */

/* Begin PBXGroup section */
		10654D41D36EDB802BB9CA4E /* Frameworks */ = {
			isa = PBXGroup;
			children = (
				CA4FE174A2B47E1721F2E335 /* libPods-Dogedex.a */,
				EA57AB6221B3E5601C2E1DAC /* libPods-Dogedex-DogedexUITests.a */,
				5B5220052E5DE5C080284B4D /* libPods-DogedexTests.a */,
			);
			name = Frameworks;
			sourceTree = "<group>";
		};
		2D96DCE6CD591B822105956F /* Pods */ = {
			isa = PBXGroup;
			children = (
				68A721CCF9CC70B0F2078694 /* Pods-Dogedex.debug.xcconfig */,
				4523A5A8F0F6E61286D7A32E /* Pods-Dogedex.release.xcconfig */,
				46D6AA2F03D8105C4939E113 /* Pods-Dogedex-DogedexUITests.debug.xcconfig */,
				0F3AC1D7AF6B3DC0BDE7F214 /* Pods-Dogedex-DogedexUITests.release.xcconfig */,
				B80EA423FD8B50DDBA9BCDF5 /* Pods-DogedexTests.debug.xcconfig */,
				10319B34AE12F6DDFE98BDA6 /* Pods-DogedexTests.release.xcconfig */,
			);
			path = Pods;
			sourceTree = "<group>";
		};
		58696F25272B1CCF00B18788 = {
			isa = PBXGroup;
			children = (
				58696F30272B1CCF00B18788 /* Dogedex */,
				58696F47272B1CD200B18788 /* DogedexTests */,
				58696F52272B1CD300B18788 /* DogedexUITests */,
				58696F2F272B1CCF00B18788 /* Products */,
				2D96DCE6CD591B822105956F /* Pods */,
				10654D41D36EDB802BB9CA4E /* Frameworks */,
			);
			sourceTree = "<group>";
		};
		58696F2F272B1CCF00B18788 /* Products */ = {
			isa = PBXGroup;
			children = (
				58696F2E272B1CCF00B18788 /* Dogedex.app */,
				58696F44272B1CD200B18788 /* DogedexTests.xctest */,
				58696F4F272B1CD300B18788 /* DogedexUITests.xctest */,
			);
			name = Products;
			sourceTree = "<group>";
		};
		58696F30272B1CCF00B18788 /* Dogedex */ = {
			isa = PBXGroup;
			children = (
				58696F7C272B526B00B18788 /* Assets */,
				58696F65272B259D00B18788 /* Common */,
				58696F94272B5A5C00B18788 /* Coordinator */,
				58696FB3272B9FEB00B18788 /* Model */,
				58696FB7272C864F00B18788 /* View */,
				58696F63272B243200B18788 /* Scenes */,
				58696F6F272B349100B18788 /* Networking */,
				58696F61272B1F7700B18788 /* SupportingFiles */,
			);
			path = Dogedex;
			sourceTree = "<group>";
		};
		58696F47272B1CD200B18788 /* DogedexTests */ = {
			isa = PBXGroup;
			children = (
				58696F48272B1CD200B18788 /* DogedexTests.swift */,
				58696F4A272B1CD200B18788 /* Info.plist */,
			);
			path = DogedexTests;
			sourceTree = "<group>";
		};
		58696F52272B1CD300B18788 /* DogedexUITests */ = {
			isa = PBXGroup;
			children = (
				58696F53272B1CD300B18788 /* DogedexUITests.swift */,
				58696F55272B1CD300B18788 /* Info.plist */,
			);
			path = DogedexUITests;
			sourceTree = "<group>";
		};
		58696F61272B1F7700B18788 /* SupportingFiles */ = {
			isa = PBXGroup;
			children = (
				58696F31272B1CCF00B18788 /* AppDelegate.swift */,
				58696F33272B1CCF00B18788 /* SceneDelegate.swift */,
				58696F3C272B1CD200B18788 /* LaunchScreen.storyboard */,
				58696F3F272B1CD200B18788 /* Info.plist */,
			);
			name = SupportingFiles;
			sourceTree = "<group>";
		};
		58696F63272B243200B18788 /* Scenes */ = {
			isa = PBXGroup;
			children = (
				58696F64272B252100B18788 /* Home */,
				58696FA2272B667200B18788 /* Dogs */,
			);
			path = Scenes;
			sourceTree = "<group>";
		};
		58696F64272B252100B18788 /* Home */ = {
			isa = PBXGroup;
			children = (
				58696F99272B5D1700B18788 /* Coordinator */,
				58696F73272B479900B18788 /* View */,
				58696F69272B2ACB00B18788 /* ViewModel */,
				58696F35272B1CCF00B18788 /* DogBreedListViewController.swift */,
			);
			path = Home;
			sourceTree = "<group>";
		};
		58696F65272B259D00B18788 /* Common */ = {
			isa = PBXGroup;
			children = (
				58696F66272B25B100B18788 /* Protocols */,
				58696F79272B4F3400B18788 /* Extensions */,
			);
			path = Common;
			sourceTree = "<group>";
		};
		58696F66272B25B100B18788 /* Protocols */ = {
			isa = PBXGroup;
			children = (
				58696F67272B25BC00B18788 /* ViewCode.swift */,
				58696F77272B488600B18788 /* ReusableView.swift */,
			);
			path = Protocols;
			sourceTree = "<group>";
		};
		58696F69272B2ACB00B18788 /* ViewModel */ = {
			isa = PBXGroup;
			children = (
				58696F6A272B2AE300B18788 /* DogBreedListViewModel.swift */,
			);
			path = ViewModel;
			sourceTree = "<group>";
		};
		58696F6F272B349100B18788 /* Networking */ = {
			isa = PBXGroup;
			children = (
				58696F6D272B324100B18788 /* APIRequest.swift */,
				58696F72272B34C700B18788 /* Data */,
			);
			path = Networking;
			sourceTree = "<group>";
		};
		58696F72272B34C700B18788 /* Data */ = {
			isa = PBXGroup;
			children = (
				58696F70272B34B300B18788 /* BreedResponse.swift */,
				58696FB1272B9EE100B18788 /* DogePhotosResponse.swift */,
			);
			path = Data;
			sourceTree = "<group>";
		};
		58696F73272B479900B18788 /* View */ = {
			isa = PBXGroup;
			children = (
				58696F74272B47A800B18788 /* DogBreedCell.swift */,
			);
			path = View;
			sourceTree = "<group>";
		};
		58696F79272B4F3400B18788 /* Extensions */ = {
			isa = PBXGroup;
			children = (
				58696F7A272B4F4900B18788 /* ConstraintHelpers+UIView.swift */,
				58696F92272B540300B18788 /* OpenSans+UIFont.swift */,
			);
			path = Extensions;
			sourceTree = "<group>";
		};
		58696F7C272B526B00B18788 /* Assets */ = {
			isa = PBXGroup;
			children = (
				58696F7D272B527D00B18788 /* Fonts */,
				58696F3A272B1CD200B18788 /* Assets.xcassets */,
			);
			path = Assets;
			sourceTree = "<group>";
		};
		58696F7D272B527D00B18788 /* Fonts */ = {
			isa = PBXGroup;
			children = (
				58696F86272B533E00B18788 /* Open Sans Bold Italic.ttf */,
				58696F85272B533D00B18788 /* Open Sans Bold.ttf */,
				58696F81272B533D00B18788 /* Open Sans Extrabold Italic.ttf */,
				58696F84272B533D00B18788 /* Open Sans Extrabold.ttf */,
				58696F7E272B533D00B18788 /* Open Sans Italic.ttf */,
				58696F82272B533D00B18788 /* Open Sans Light Italic.ttf */,
				58696F83272B533D00B18788 /* Open Sans Light.ttf */,
				58696F87272B533E00B18788 /* Open Sans Semibold Italic.ttf */,
				58696F80272B533D00B18788 /* Open Sans Semibold.ttf */,
				58696F7F272B533D00B18788 /* Open Sans.ttf */,
			);
			path = Fonts;
			sourceTree = "<group>";
		};
		58696F94272B5A5C00B18788 /* Coordinator */ = {
			isa = PBXGroup;
			children = (
				58696F95272B5A6F00B18788 /* Coordinator.swift */,
				58696F97272B5A9600B18788 /* ApplicationCoordinator.swift */,
			);
			path = Coordinator;
			sourceTree = "<group>";
		};
		58696F99272B5D1700B18788 /* Coordinator */ = {
			isa = PBXGroup;
			children = (
				58696F9A272B5D3800B18788 /* DogBreedListCoordinator.swift */,
			);
			path = Coordinator;
			sourceTree = "<group>";
		};
		58696FA2272B667200B18788 /* Dogs */ = {
			isa = PBXGroup;
			children = (
				58696FA5272B674600B18788 /* Coordinator */,
				58696FA9272B6B6A00B18788 /* ViewModel */,
				58696FAE272B93C300B18788 /* View */,
				58696FA3272B669400B18788 /* DogsViewController.swift */,
			);
			path = Dogs;
			sourceTree = "<group>";
		};
		58696FA5272B674600B18788 /* Coordinator */ = {
			isa = PBXGroup;
			children = (
				58696FA7272B677200B18788 /* DogsCoordinator.swift */,
			);
			path = Coordinator;
			sourceTree = "<group>";
		};
		58696FA9272B6B6A00B18788 /* ViewModel */ = {
			isa = PBXGroup;
			children = (
				58696FAA272B6B7B00B18788 /* DogsViewModel.swift */,
			);
			path = ViewModel;
			sourceTree = "<group>";
		};
		58696FAE272B93C300B18788 /* View */ = {
			isa = PBXGroup;
			children = (
				58696FAF272B93E500B18788 /* DogeCell.swift */,
			);
			path = View;
			sourceTree = "<group>";
		};
		58696FB3272B9FEB00B18788 /* Model */ = {
			isa = PBXGroup;
			children = (
				58696FB5272B9FFC00B18788 /* Breed.swift */,
			);
			path = Model;
			sourceTree = "<group>";
		};
		58696FB7272C864F00B18788 /* View */ = {
			isa = PBXGroup;
			children = (
				58696FB8272C868100B18788 /* TopAlert.swift */,
			);
			path = View;
			sourceTree = "<group>";
		};
/* End PBXGroup section */

/* Begin PBXNativeTarget section */
		58696F2D272B1CCF00B18788 /* Dogedex */ = {
			isa = PBXNativeTarget;
			buildConfigurationList = 58696F58272B1CD300B18788 /* Build configuration list for PBXNativeTarget "Dogedex" */;
			buildPhases = (
				1B920195E0D92721FC49858D /* [CP] Check Pods Manifest.lock */,
				58696F2A272B1CCF00B18788 /* Sources */,
				58696F2B272B1CCF00B18788 /* Frameworks */,
				58696F2C272B1CCF00B18788 /* Resources */,
			);
			buildRules = (
			);
			dependencies = (
			);
			name = Dogedex;
			productName = Dogedex;
			productReference = 58696F2E272B1CCF00B18788 /* Dogedex.app */;
			productType = "com.apple.product-type.application";
		};
		58696F43272B1CD200B18788 /* DogedexTests */ = {
			isa = PBXNativeTarget;
			buildConfigurationList = 58696F5B272B1CD300B18788 /* Build configuration list for PBXNativeTarget "DogedexTests" */;
			buildPhases = (
				A6BE2183FE172A316E767511 /* [CP] Check Pods Manifest.lock */,
				58696F40272B1CD200B18788 /* Sources */,
				58696F41272B1CD200B18788 /* Frameworks */,
				58696F42272B1CD200B18788 /* Resources */,
			);
			buildRules = (
			);
			dependencies = (
				58696F46272B1CD200B18788 /* PBXTargetDependency */,
			);
			name = DogedexTests;
			productName = DogedexTests;
			productReference = 58696F44272B1CD200B18788 /* DogedexTests.xctest */;
			productType = "com.apple.product-type.bundle.unit-test";
		};
		58696F4E272B1CD300B18788 /* DogedexUITests */ = {
			isa = PBXNativeTarget;
			buildConfigurationList = 58696F5E272B1CD300B18788 /* Build configuration list for PBXNativeTarget "DogedexUITests" */;
			buildPhases = (
				FB93410C075155470B23EFAB /* [CP] Check Pods Manifest.lock */,
				58696F4B272B1CD300B18788 /* Sources */,
				58696F4C272B1CD300B18788 /* Frameworks */,
				58696F4D272B1CD300B18788 /* Resources */,
			);
			buildRules = (
			);
			dependencies = (
				58696F51272B1CD300B18788 /* PBXTargetDependency */,
			);
			name = DogedexUITests;
			productName = DogedexUITests;
			productReference = 58696F4F272B1CD300B18788 /* DogedexUITests.xctest */;
			productType = "com.apple.product-type.bundle.ui-testing";
		};
/* End PBXNativeTarget section */

/* Begin PBXProject section */
		58696F26272B1CCF00B18788 /* Project object */ = {
			isa = PBXProject;
			attributes = {
				LastSwiftUpdateCheck = 1250;
				LastUpgradeCheck = 1250;
				TargetAttributes = {
					58696F2D272B1CCF00B18788 = {
						CreatedOnToolsVersion = 12.5.1;
					};
					58696F43272B1CD200B18788 = {
						CreatedOnToolsVersion = 12.5.1;
						TestTargetID = 58696F2D272B1CCF00B18788;
					};
					58696F4E272B1CD300B18788 = {
						CreatedOnToolsVersion = 12.5.1;
						TestTargetID = 58696F2D272B1CCF00B18788;
					};
				};
			};
			buildConfigurationList = 58696F29272B1CCF00B18788 /* Build configuration list for PBXProject "Dogedex" */;
			compatibilityVersion = "Xcode 9.3";
			developmentRegion = en;
			hasScannedForEncodings = 0;
			knownRegions = (
				en,
				Base,
			);
			mainGroup = 58696F25272B1CCF00B18788;
			productRefGroup = 58696F2F272B1CCF00B18788 /* Products */;
			projectDirPath = "";
			projectRoot = "";
			targets = (
				58696F2D272B1CCF00B18788 /* Dogedex */,
				58696F43272B1CD200B18788 /* DogedexTests */,
				58696F4E272B1CD300B18788 /* DogedexUITests */,
			);
		};
/* End PBXProject section */

/* Begin PBXResourcesBuildPhase section */
		58696F2C272B1CCF00B18788 /* Resources */ = {
			isa = PBXResourcesBuildPhase;
			buildActionMask = 2147483647;
			files = (
				58696F91272B534D00B18788 /* Open Sans.ttf in Resources */,
				58696F3E272B1CD200B18788 /* LaunchScreen.storyboard in Resources */,
				58696F90272B534D00B18788 /* Open Sans Extrabold Italic.ttf in Resources */,
				58696F88272B534C00B18788 /* Open Sans Italic.ttf in Resources */,
				58696F8F272B534D00B18788 /* Open Sans Bold.ttf in Resources */,
				58696F89272B534C00B18788 /* Open Sans Light.ttf in Resources */,
				58696F8B272B534D00B18788 /* Open Sans Bold Italic.ttf in Resources */,
				58696F8C272B534D00B18788 /* Open Sans Light Italic.ttf in Resources */,
				58696F8D272B534D00B18788 /* Open Sans Semibold Italic.ttf in Resources */,
				58696F8E272B534D00B18788 /* Open Sans Semibold.ttf in Resources */,
				58696F3B272B1CD200B18788 /* Assets.xcassets in Resources */,
				58696F8A272B534D00B18788 /* Open Sans Extrabold.ttf in Resources */,
			);
			runOnlyForDeploymentPostprocessing = 0;
		};
		58696F42272B1CD200B18788 /* Resources */ = {
			isa = PBXResourcesBuildPhase;
			buildActionMask = 2147483647;
			files = (
			);
			runOnlyForDeploymentPostprocessing = 0;
		};
		58696F4D272B1CD300B18788 /* Resources */ = {
			isa = PBXResourcesBuildPhase;
			buildActionMask = 2147483647;
			files = (
			);
			runOnlyForDeploymentPostprocessing = 0;
		};
/* End PBXResourcesBuildPhase section */

/* Begin PBXShellScriptBuildPhase section */
		1B920195E0D92721FC49858D /* [CP] Check Pods Manifest.lock */ = {
			isa = PBXShellScriptBuildPhase;
			buildActionMask = 2147483647;
			files = (
			);
			inputFileListPaths = (
			);
			inputPaths = (
				"${PODS_PODFILE_DIR_PATH}/Podfile.lock",
				"${PODS_ROOT}/Manifest.lock",
			);
			name = "[CP] Check Pods Manifest.lock";
			outputFileListPaths = (
			);
			outputPaths = (
				"$(DERIVED_FILE_DIR)/Pods-Dogedex-checkManifestLockResult.txt",
			);
			runOnlyForDeploymentPostprocessing = 0;
			shellPath = /bin/sh;
			shellScript = "diff \"${PODS_PODFILE_DIR_PATH}/Podfile.lock\" \"${PODS_ROOT}/Manifest.lock\" > /dev/null\nif [ $? != 0 ] ; then\n    # print error to STDERR\n    echo \"error: The sandbox is not in sync with the Podfile.lock. Run 'pod install' or update your CocoaPods installation.\" >&2\n    exit 1\nfi\n# This output is used by Xcode 'outputs' to avoid re-running this script phase.\necho \"SUCCESS\" > \"${SCRIPT_OUTPUT_FILE_0}\"\n";
			showEnvVarsInLog = 0;
		};
		A6BE2183FE172A316E767511 /* [CP] Check Pods Manifest.lock */ = {
			isa = PBXShellScriptBuildPhase;
			buildActionMask = 2147483647;
			files = (
			);
			inputFileListPaths = (
			);
			inputPaths = (
				"${PODS_PODFILE_DIR_PATH}/Podfile.lock",
				"${PODS_ROOT}/Manifest.lock",
			);
			name = "[CP] Check Pods Manifest.lock";
			outputFileListPaths = (
			);
			outputPaths = (
				"$(DERIVED_FILE_DIR)/Pods-DogedexTests-checkManifestLockResult.txt",
			);
			runOnlyForDeploymentPostprocessing = 0;
			shellPath = /bin/sh;
			shellScript = "diff \"${PODS_PODFILE_DIR_PATH}/Podfile.lock\" \"${PODS_ROOT}/Manifest.lock\" > /dev/null\nif [ $? != 0 ] ; then\n    # print error to STDERR\n    echo \"error: The sandbox is not in sync with the Podfile.lock. Run 'pod install' or update your CocoaPods installation.\" >&2\n    exit 1\nfi\n# This output is used by Xcode 'outputs' to avoid re-running this script phase.\necho \"SUCCESS\" > \"${SCRIPT_OUTPUT_FILE_0}\"\n";
			showEnvVarsInLog = 0;
		};
		FB93410C075155470B23EFAB /* [CP] Check Pods Manifest.lock */ = {
			isa = PBXShellScriptBuildPhase;
			buildActionMask = 2147483647;
			files = (
			);
			inputFileListPaths = (
			);
			inputPaths = (
				"${PODS_PODFILE_DIR_PATH}/Podfile.lock",
				"${PODS_ROOT}/Manifest.lock",
			);
			name = "[CP] Check Pods Manifest.lock";
			outputFileListPaths = (
			);
			outputPaths = (
				"$(DERIVED_FILE_DIR)/Pods-Dogedex-DogedexUITests-checkManifestLockResult.txt",
			);
			runOnlyForDeploymentPostprocessing = 0;
			shellPath = /bin/sh;
			shellScript = "diff \"${PODS_PODFILE_DIR_PATH}/Podfile.lock\" \"${PODS_ROOT}/Manifest.lock\" > /dev/null\nif [ $? != 0 ] ; then\n    # print error to STDERR\n    echo \"error: The sandbox is not in sync with the Podfile.lock. Run 'pod install' or update your CocoaPods installation.\" >&2\n    exit 1\nfi\n# This output is used by Xcode 'outputs' to avoid re-running this script phase.\necho \"SUCCESS\" > \"${SCRIPT_OUTPUT_FILE_0}\"\n";
			showEnvVarsInLog = 0;
		};
/* End PBXShellScriptBuildPhase section */

/* Begin PBXSourcesBuildPhase section */
		58696F2A272B1CCF00B18788 /* Sources */ = {
			isa = PBXSourcesBuildPhase;
			buildActionMask = 2147483647;
			files = (
				58696F78272B488600B18788 /* ReusableView.swift in Sources */,
				58696F36272B1CCF00B18788 /* DogBreedListViewController.swift in Sources */,
				58696F98272B5A9600B18788 /* ApplicationCoordinator.swift in Sources */,
				58696F75272B47A800B18788 /* DogBreedCell.swift in Sources */,
				58696F7B272B4F4900B18788 /* ConstraintHelpers+UIView.swift in Sources */,
				58696FB9272C868100B18788 /* TopAlert.swift in Sources */,
				58696F32272B1CCF00B18788 /* AppDelegate.swift in Sources */,
				58696F71272B34B300B18788 /* BreedResponse.swift in Sources */,
				58696F34272B1CCF00B18788 /* SceneDelegate.swift in Sources */,
				58696FB6272B9FFC00B18788 /* Breed.swift in Sources */,
				58696FB2272B9EE100B18788 /* DogePhotosResponse.swift in Sources */,
				58696FB0272B93E500B18788 /* DogeCell.swift in Sources */,
				58696FA4272B669400B18788 /* DogsViewController.swift in Sources */,
				58696F9B272B5D3800B18788 /* DogBreedListCoordinator.swift in Sources */,
				58696F68272B25BC00B18788 /* ViewCode.swift in Sources */,
				58696FAB272B6B7B00B18788 /* DogsViewModel.swift in Sources */,
				58696F96272B5A6F00B18788 /* Coordinator.swift in Sources */,
				58696F6E272B324100B18788 /* APIRequest.swift in Sources */,
				58696FA8272B677200B18788 /* DogsCoordinator.swift in Sources */,
				58696F93272B540300B18788 /* OpenSans+UIFont.swift in Sources */,
				58696F6B272B2AE300B18788 /* DogBreedListViewModel.swift in Sources */,
			);
			runOnlyForDeploymentPostprocessing = 0;
		};
		58696F40272B1CD200B18788 /* Sources */ = {
			isa = PBXSourcesBuildPhase;
			buildActionMask = 2147483647;
			files = (
				58696F49272B1CD200B18788 /* DogedexTests.swift in Sources */,
			);
			runOnlyForDeploymentPostprocessing = 0;
		};
		58696F4B272B1CD300B18788 /* Sources */ = {
			isa = PBXSourcesBuildPhase;
			buildActionMask = 2147483647;
			files = (
				58696F54272B1CD300B18788 /* DogedexUITests.swift in Sources */,
			);
			runOnlyForDeploymentPostprocessing = 0;
		};
/* End PBXSourcesBuildPhase section */

/* Begin PBXTargetDependency section */
		58696F46272B1CD200B18788 /* PBXTargetDependency */ = {
			isa = PBXTargetDependency;
			target = 58696F2D272B1CCF00B18788 /* Dogedex */;
			targetProxy = 58696F45272B1CD200B18788 /* PBXContainerItemProxy */;
		};
		58696F51272B1CD300B18788 /* PBXTargetDependency */ = {
			isa = PBXTargetDependency;
			target = 58696F2D272B1CCF00B18788 /* Dogedex */;
			targetProxy = 58696F50272B1CD300B18788 /* PBXContainerItemProxy */;
		};
/* End PBXTargetDependency section */

/* Begin PBXVariantGroup section */
		58696F3C272B1CD200B18788 /* LaunchScreen.storyboard */ = {
			isa = PBXVariantGroup;
			children = (
				58696F3D272B1CD200B18788 /* Base */,
			);
			name = LaunchScreen.storyboard;
			sourceTree = "<group>";
		};
/* End PBXVariantGroup section */

/* Begin XCBuildConfiguration section */
		58696F56272B1CD300B18788 /* Debug */ = {
			isa = XCBuildConfiguration;
			buildSettings = {
				ALWAYS_SEARCH_USER_PATHS = NO;
				CLANG_ANALYZER_NONNULL = YES;
				CLANG_ANALYZER_NUMBER_OBJECT_CONVERSION = YES_AGGRESSIVE;
				CLANG_CXX_LANGUAGE_STANDARD = "gnu++14";
				CLANG_CXX_LIBRARY = "libc++";
				CLANG_ENABLE_MODULES = YES;
				CLANG_ENABLE_OBJC_ARC = YES;
				CLANG_ENABLE_OBJC_WEAK = YES;
				CLANG_WARN_BLOCK_CAPTURE_AUTORELEASING = YES;
				CLANG_WARN_BOOL_CONVERSION = YES;
				CLANG_WARN_COMMA = YES;
				CLANG_WARN_CONSTANT_CONVERSION = YES;
				CLANG_WARN_DEPRECATED_OBJC_IMPLEMENTATIONS = YES;
				CLANG_WARN_DIRECT_OBJC_ISA_USAGE = YES_ERROR;
				CLANG_WARN_DOCUMENTATION_COMMENTS = YES;
				CLANG_WARN_EMPTY_BODY = YES;
				CLANG_WARN_ENUM_CONVERSION = YES;
				CLANG_WARN_INFINITE_RECURSION = YES;
				CLANG_WARN_INT_CONVERSION = YES;
				CLANG_WARN_NON_LITERAL_NULL_CONVERSION = YES;
				CLANG_WARN_OBJC_IMPLICIT_RETAIN_SELF = YES;
				CLANG_WARN_OBJC_LITERAL_CONVERSION = YES;
				CLANG_WARN_OBJC_ROOT_CLASS = YES_ERROR;
				CLANG_WARN_QUOTED_INCLUDE_IN_FRAMEWORK_HEADER = YES;
				CLANG_WARN_RANGE_LOOP_ANALYSIS = YES;
				CLANG_WARN_STRICT_PROTOTYPES = YES;
				CLANG_WARN_SUSPICIOUS_MOVE = YES;
				CLANG_WARN_UNGUARDED_AVAILABILITY = YES_AGGRESSIVE;
				CLANG_WARN_UNREACHABLE_CODE = YES;
				CLANG_WARN__DUPLICATE_METHOD_MATCH = YES;
				COPY_PHASE_STRIP = NO;
				DEBUG_INFORMATION_FORMAT = dwarf;
				ENABLE_STRICT_OBJC_MSGSEND = YES;
				ENABLE_TESTABILITY = YES;
				GCC_C_LANGUAGE_STANDARD = gnu11;
				GCC_DYNAMIC_NO_PIC = NO;
				GCC_NO_COMMON_BLOCKS = YES;
				GCC_OPTIMIZATION_LEVEL = 0;
				GCC_PREPROCESSOR_DEFINITIONS = (
					"DEBUG=1",
					"$(inherited)",
				);
				GCC_WARN_64_TO_32_BIT_CONVERSION = YES;
				GCC_WARN_ABOUT_RETURN_TYPE = YES_ERROR;
				GCC_WARN_UNDECLARED_SELECTOR = YES;
				GCC_WARN_UNINITIALIZED_AUTOS = YES_AGGRESSIVE;
				GCC_WARN_UNUSED_FUNCTION = YES;
				GCC_WARN_UNUSED_VARIABLE = YES;
				IPHONEOS_DEPLOYMENT_TARGET = 14.5;
				MTL_ENABLE_DEBUG_INFO = INCLUDE_SOURCE;
				MTL_FAST_MATH = YES;
				ONLY_ACTIVE_ARCH = YES;
				SDKROOT = iphoneos;
				SWIFT_ACTIVE_COMPILATION_CONDITIONS = DEBUG;
				SWIFT_OPTIMIZATION_LEVEL = "-Onone";
			};
			name = Debug;
		};
		58696F57272B1CD300B18788 /* Release */ = {
			isa = XCBuildConfiguration;
			buildSettings = {
				ALWAYS_SEARCH_USER_PATHS = NO;
				CLANG_ANALYZER_NONNULL = YES;
				CLANG_ANALYZER_NUMBER_OBJECT_CONVERSION = YES_AGGRESSIVE;
				CLANG_CXX_LANGUAGE_STANDARD = "gnu++14";
				CLANG_CXX_LIBRARY = "libc++";
				CLANG_ENABLE_MODULES = YES;
				CLANG_ENABLE_OBJC_ARC = YES;
				CLANG_ENABLE_OBJC_WEAK = YES;
				CLANG_WARN_BLOCK_CAPTURE_AUTORELEASING = YES;
				CLANG_WARN_BOOL_CONVERSION = YES;
				CLANG_WARN_COMMA = YES;
				CLANG_WARN_CONSTANT_CONVERSION = YES;
				CLANG_WARN_DEPRECATED_OBJC_IMPLEMENTATIONS = YES;
				CLANG_WARN_DIRECT_OBJC_ISA_USAGE = YES_ERROR;
				CLANG_WARN_DOCUMENTATION_COMMENTS = YES;
				CLANG_WARN_EMPTY_BODY = YES;
				CLANG_WARN_ENUM_CONVERSION = YES;
				CLANG_WARN_INFINITE_RECURSION = YES;
				CLANG_WARN_INT_CONVERSION = YES;
				CLANG_WARN_NON_LITERAL_NULL_CONVERSION = YES;
				CLANG_WARN_OBJC_IMPLICIT_RETAIN_SELF = YES;
				CLANG_WARN_OBJC_LITERAL_CONVERSION = YES;
				CLANG_WARN_OBJC_ROOT_CLASS = YES_ERROR;
				CLANG_WARN_QUOTED_INCLUDE_IN_FRAMEWORK_HEADER = YES;
				CLANG_WARN_RANGE_LOOP_ANALYSIS = YES;
				CLANG_WARN_STRICT_PROTOTYPES = YES;
				CLANG_WARN_SUSPICIOUS_MOVE = YES;
				CLANG_WARN_UNGUARDED_AVAILABILITY = YES_AGGRESSIVE;
				CLANG_WARN_UNREACHABLE_CODE = YES;
				CLANG_WARN__DUPLICATE_METHOD_MATCH = YES;
				COPY_PHASE_STRIP = NO;
				DEBUG_INFORMATION_FORMAT = "dwarf-with-dsym";
				ENABLE_NS_ASSERTIONS = NO;
				ENABLE_STRICT_OBJC_MSGSEND = YES;
				GCC_C_LANGUAGE_STANDARD = gnu11;
				GCC_NO_COMMON_BLOCKS = YES;
				GCC_WARN_64_TO_32_BIT_CONVERSION = YES;
				GCC_WARN_ABOUT_RETURN_TYPE = YES_ERROR;
				GCC_WARN_UNDECLARED_SELECTOR = YES;
				GCC_WARN_UNINITIALIZED_AUTOS = YES_AGGRESSIVE;
				GCC_WARN_UNUSED_FUNCTION = YES;
				GCC_WARN_UNUSED_VARIABLE = YES;
				IPHONEOS_DEPLOYMENT_TARGET = 14.5;
				MTL_ENABLE_DEBUG_INFO = NO;
				MTL_FAST_MATH = YES;
				SDKROOT = iphoneos;
				SWIFT_COMPILATION_MODE = wholemodule;
				SWIFT_OPTIMIZATION_LEVEL = "-O";
				VALIDATE_PRODUCT = YES;
			};
			name = Release;
		};
		58696F59272B1CD300B18788 /* Debug */ = {
			isa = XCBuildConfiguration;
			baseConfigurationReference = 68A721CCF9CC70B0F2078694 /* Pods-Dogedex.debug.xcconfig */;
			buildSettings = {
				ASSETCATALOG_COMPILER_APPICON_NAME = AppIcon;
				ASSETCATALOG_COMPILER_GLOBAL_ACCENT_COLOR_NAME = AccentColor;
				CODE_SIGN_STYLE = Automatic;
				DEVELOPMENT_TEAM = CP42424Z9Z;
				INFOPLIST_FILE = Dogedex/Info.plist;
				LD_RUNPATH_SEARCH_PATHS = (
					"$(inherited)",
					"@executable_path/Frameworks",
				);
				PRODUCT_BUNDLE_IDENTIFIER = br.com.rollo.rafael.Dogedex;
				PRODUCT_NAME = "$(TARGET_NAME)";
				SWIFT_VERSION = 5.0;
				TARGETED_DEVICE_FAMILY = "1,2";
			};
			name = Debug;
		};
		58696F5A272B1CD300B18788 /* Release */ = {
			isa = XCBuildConfiguration;
			baseConfigurationReference = 4523A5A8F0F6E61286D7A32E /* Pods-Dogedex.release.xcconfig */;
			buildSettings = {
				ASSETCATALOG_COMPILER_APPICON_NAME = AppIcon;
				ASSETCATALOG_COMPILER_GLOBAL_ACCENT_COLOR_NAME = AccentColor;
				CODE_SIGN_STYLE = Automatic;
				DEVELOPMENT_TEAM = CP42424Z9Z;
				INFOPLIST_FILE = Dogedex/Info.plist;
				LD_RUNPATH_SEARCH_PATHS = (
					"$(inherited)",
					"@executable_path/Frameworks",
				);
				PRODUCT_BUNDLE_IDENTIFIER = br.com.rollo.rafael.Dogedex;
				PRODUCT_NAME = "$(TARGET_NAME)";
				SWIFT_VERSION = 5.0;
				TARGETED_DEVICE_FAMILY = "1,2";
			};
			name = Release;
		};
		58696F5C272B1CD300B18788 /* Debug */ = {
			isa = XCBuildConfiguration;
			baseConfigurationReference = B80EA423FD8B50DDBA9BCDF5 /* Pods-DogedexTests.debug.xcconfig */;
			buildSettings = {
				ALWAYS_EMBED_SWIFT_STANDARD_LIBRARIES = YES;
				BUNDLE_LOADER = "$(TEST_HOST)";
				CODE_SIGN_STYLE = Automatic;
				DEVELOPMENT_TEAM = CP42424Z9Z;
				INFOPLIST_FILE = DogedexTests/Info.plist;
				IPHONEOS_DEPLOYMENT_TARGET = 14.5;
				LD_RUNPATH_SEARCH_PATHS = (
					"$(inherited)",
					"@executable_path/Frameworks",
					"@loader_path/Frameworks",
				);
				PRODUCT_BUNDLE_IDENTIFIER = br.com.rollo.rafael.DogedexTests;
				PRODUCT_NAME = "$(TARGET_NAME)";
				SWIFT_VERSION = 5.0;
				TARGETED_DEVICE_FAMILY = "1,2";
				TEST_HOST = "$(BUILT_PRODUCTS_DIR)/Dogedex.app/Dogedex";
			};
			name = Debug;
		};
		58696F5D272B1CD300B18788 /* Release */ = {
			isa = XCBuildConfiguration;
			baseConfigurationReference = 10319B34AE12F6DDFE98BDA6 /* Pods-DogedexTests.release.xcconfig */;
			buildSettings = {
				ALWAYS_EMBED_SWIFT_STANDARD_LIBRARIES = YES;
				BUNDLE_LOADER = "$(TEST_HOST)";
				CODE_SIGN_STYLE = Automatic;
				DEVELOPMENT_TEAM = CP42424Z9Z;
				INFOPLIST_FILE = DogedexTests/Info.plist;
				IPHONEOS_DEPLOYMENT_TARGET = 14.5;
				LD_RUNPATH_SEARCH_PATHS = (
					"$(inherited)",
					"@executable_path/Frameworks",
					"@loader_path/Frameworks",
				);
				PRODUCT_BUNDLE_IDENTIFIER = br.com.rollo.rafael.DogedexTests;
				PRODUCT_NAME = "$(TARGET_NAME)";
				SWIFT_VERSION = 5.0;
				TARGETED_DEVICE_FAMILY = "1,2";
				TEST_HOST = "$(BUILT_PRODUCTS_DIR)/Dogedex.app/Dogedex";
			};
			name = Release;
		};
		58696F5F272B1CD300B18788 /* Debug */ = {
			isa = XCBuildConfiguration;
			baseConfigurationReference = 46D6AA2F03D8105C4939E113 /* Pods-Dogedex-DogedexUITests.debug.xcconfig */;
			buildSettings = {
				ALWAYS_EMBED_SWIFT_STANDARD_LIBRARIES = YES;
				CODE_SIGN_STYLE = Automatic;
				DEVELOPMENT_TEAM = CP42424Z9Z;
				INFOPLIST_FILE = DogedexUITests/Info.plist;
				LD_RUNPATH_SEARCH_PATHS = (
					"$(inherited)",
					"@executable_path/Frameworks",
					"@loader_path/Frameworks",
				);
				PRODUCT_BUNDLE_IDENTIFIER = br.com.rollo.rafael.DogedexUITests;
				PRODUCT_NAME = "$(TARGET_NAME)";
				SWIFT_VERSION = 5.0;
				TARGETED_DEVICE_FAMILY = "1,2";
				TEST_TARGET_NAME = Dogedex;
			};
			name = Debug;
		};
		58696F60272B1CD300B18788 /* Release */ = {
			isa = XCBuildConfiguration;
			baseConfigurationReference = 0F3AC1D7AF6B3DC0BDE7F214 /* Pods-Dogedex-DogedexUITests.release.xcconfig */;
			buildSettings = {
				ALWAYS_EMBED_SWIFT_STANDARD_LIBRARIES = YES;
				CODE_SIGN_STYLE = Automatic;
				DEVELOPMENT_TEAM = CP42424Z9Z;
				INFOPLIST_FILE = DogedexUITests/Info.plist;
				LD_RUNPATH_SEARCH_PATHS = (
					"$(inherited)",
					"@executable_path/Frameworks",
					"@loader_path/Frameworks",
				);
				PRODUCT_BUNDLE_IDENTIFIER = br.com.rollo.rafael.DogedexUITests;
				PRODUCT_NAME = "$(TARGET_NAME)";
				SWIFT_VERSION = 5.0;
				TARGETED_DEVICE_FAMILY = "1,2";
				TEST_TARGET_NAME = Dogedex;
			};
			name = Release;
		};
/* End XCBuildConfiguration section */

/* Begin XCConfigurationList section */
		58696F29272B1CCF00B18788 /* Build configuration list for PBXProject "Dogedex" */ = {
			isa = XCConfigurationList;
			buildConfigurations = (
				58696F56272B1CD300B18788 /* Debug */,
				58696F57272B1CD300B18788 /* Release */,
			);
			defaultConfigurationIsVisible = 0;
			defaultConfigurationName = Release;
		};
		58696F58272B1CD300B18788 /* Build configuration list for PBXNativeTarget "Dogedex" */ = {
			isa = XCConfigurationList;
			buildConfigurations = (
				58696F59272B1CD300B18788 /* Debug */,
				58696F5A272B1CD300B18788 /* Release */,
			);
			defaultConfigurationIsVisible = 0;
			defaultConfigurationName = Release;
		};
		58696F5B272B1CD300B18788 /* Build configuration list for PBXNativeTarget "DogedexTests" */ = {
			isa = XCConfigurationList;
			buildConfigurations = (
				58696F5C272B1CD300B18788 /* Debug */,
				58696F5D272B1CD300B18788 /* Release */,
			);
			defaultConfigurationIsVisible = 0;
			defaultConfigurationName = Release;
		};
		58696F5E272B1CD300B18788 /* Build configuration list for PBXNativeTarget "DogedexUITests" */ = {
			isa = XCConfigurationList;
			buildConfigurations = (
				58696F5F272B1CD300B18788 /* Debug */,
				58696F60272B1CD300B18788 /* Release */,
			);
			defaultConfigurationIsVisible = 0;
			defaultConfigurationName = Release;
		};
/* End XCConfigurationList section */
	};
	rootObject = 58696F26272B1CCF00B18788 /* Project object */;
}
